
Microsoft Visual Studio Solution File, Format Version 12.00
# Visual Studio Version 16
VisualStudioVersion = 16.0.31424.327
MinimumVisualStudioVersion = 10.0.40219.1
Project("{FAE04EC0-301F-11D3-BF4B-00C04F79EFBC}") = "Demo_Application", "Demo_Application\Demo_Application.csproj", "{438E822C-A209-41CC-A235-65E33008B216}"
EndProject
Global
	GlobalSection(SolutionConfigurationPlatforms) = preSolution
		Debug|Any CPU = Debug|Any CPU
		Release|Any CPU = Release|Any CPU
	EndGlobalSection
	GlobalSection(ProjectConfigurationPlatforms) = postSolution
		{438E822C-A209-41CC-A235-65E33008B216}.Debug|Any CPU.ActiveCfg = Debug|Any CPU
		{438E822C-A209-41CC-A235-65E33008B216}.Debug|Any CPU.Build.0 = Debug|Any CPU
		{438E822C-A209-41CC-A235-65E33008B216}.Release|Any CPU.ActiveCfg = Release|Any CPU
		{438E822C-A209-41CC-A235-65E33008B216}.Release|Any CPU.Build.0 = Release|Any CPU
	EndGlobalSection
	GlobalSection(SolutionProperties) = preSolution
		HideSolutionNode = FALSE
	EndGlobalSection
	GlobalSection(ExtensibilityGlobals) = postSolution
		SolutionGuid = {98B1B8D9-0025-4064-A7A5-6E7EFCC84D4A}
	EndGlobalSection
EndGlobal
